
Microsoft Visual Studio Solution File, Format Version 12.00
# Visual Studio Version 17
VisualStudioVersion = 17.14.36511.14 d17.14
MinimumVisualStudioVersion = 10.0.40219.1
Project("{FAE04EC0-301F-11D3-BF4B-00C04F79EFBC}") = "GUI", "GUI\GUI.csproj", "{8A7B1CCD-62ED-40A5-98DF-7BD93453AF18}"
EndProject
Global
	GlobalSection(SolutionConfigurationPlatforms) = preSolution
		Debug|Any CPU = Debug|Any CPU
		Release|Any CPU = Release|Any CPU
	EndGlobalSection
	GlobalSection(ProjectConfigurationPlatforms) = postSolution
		{8A7B1CCD-62ED-40A5-98DF-7BD93453AF18}.Debug|Any CPU.ActiveCfg = Debug|Any CPU
		{8A7B1CCD-62ED-40A5-98DF-7BD93453AF18}.Debug|Any CPU.Build.0 = Debug|Any CPU
		{8A7B1CCD-62ED-40A5-98DF-7BD93453AF18}.Release|Any CPU.ActiveCfg = Release|Any CPU
		{8A7B1CCD-62ED-40A5-98DF-7BD93453AF18}.Release|Any CPU.Build.0 = Release|Any CPU
	EndGlobalSection
	GlobalSection(SolutionProperties) = preSolution
		HideSolutionNode = FALSE
	EndGlobalSection
	GlobalSection(ExtensibilityGlobals) = postSolution
		SolutionGuid = {6D7CC0EF-AB63-47EE-904C-88DA58A30B85}
	EndGlobalSection
EndGlobal
